
Microsoft Visual Studio Solution File, Format Version 12.00
# Visual Studio 14
VisualStudioVersion = 14.0.25420.1
MinimumVisualStudioVersion = 10.0.40219.1
Project("{2150E333-8FDC-42A3-9474-1A3956D46DE8}") = "src", "src", "{BDFDF656-3E28-4FF7-A403-BC574CD99198}"
EndProject
Project("{2150E333-8FDC-42A3-9474-1A3956D46DE8}") = "Solution Items", "Solution Items", "{D0DD643A-5EE8-4D42-A7EC-43FC840F2475}"
	ProjectSection(SolutionItems) = preProject
		.gitignore = .gitignore
		global.json = global.json
	EndProjectSection
EndProject
Project("{8BB2217D-0F2D-49D1-97BC-3654ED321F3B}") = "DotNet-Portfolio", "src\DotNet-Portfolio\DotNet-Portfolio.xproj", "{F611312A-8DFF-4940-82F2-21F454A86288}"
EndProject
Global
	GlobalSection(SolutionConfigurationPlatforms) = preSolution
		Debug|Any CPU = Debug|Any CPU
		Release|Any CPU = Release|Any CPU
	EndGlobalSection
	GlobalSection(ProjectConfigurationPlatforms) = postSolution
		{F611312A-8DFF-4940-82F2-21F454A86288}.Debug|Any CPU.ActiveCfg = Debug|Any CPU
		{F611312A-8DFF-4940-82F2-21F454A86288}.Debug|Any CPU.Build.0 = Debug|Any CPU
		{F611312A-8DFF-4940-82F2-21F454A86288}.Release|Any CPU.ActiveCfg = Release|Any CPU
		{F611312A-8DFF-4940-82F2-21F454A86288}.Release|Any CPU.Build.0 = Release|Any CPU
	EndGlobalSection
	GlobalSection(SolutionProperties) = preSolution
		HideSolutionNode = FALSE
	EndGlobalSection
	GlobalSection(NestedProjects) = preSolution
		{F611312A-8DFF-4940-82F2-21F454A86288} = {BDFDF656-3E28-4FF7-A403-BC574CD99198}
	EndGlobalSection
EndGlobal
